
Microsoft Visual Studio Solution File, Format Version 12.00
# Visual Studio Version 16
VisualStudioVersion = 16.0.31129.286
MinimumVisualStudioVersion = 10.0.40219.1
Project("{9A19103F-16F7-4668-BE54-9A1E7A4F7556}") = "Emmployee.API", "Employee\Emmployee.API.csproj", "{D355EADC-A6DB-40C7-A7AF-287409B8003B}"
EndProject
Project("{9A19103F-16F7-4668-BE54-9A1E7A4F7556}") = "Conge", "Conge\Conge.csproj", "{3D211814-66E9-4731-B2F1-E23D2CC36013}"
EndProject
Project("{2150E333-8FDC-42A3-9474-1A3956D46DE8}") = "BuildingBlocks", "BuildingBlocks", "{58174668-C635-43D4-A641-EC9684DED2F1}"
EndProject
Project("{9A19103F-16F7-4668-BE54-9A1E7A4F7556}") = "EventBus", "EventBus\EventBus.csproj", "{06F66DD0-32C7-42B9-9AE5-A3B648D3CA66}"
EndProject
Project("{2150E333-8FDC-42A3-9474-1A3956D46DE8}") = "Company", "Company", "{FF571E6A-10B8-4377-9A9F-59F890E63270}"
EndProject
Project("{9A19103F-16F7-4668-BE54-9A1E7A4F7556}") = "Company.Data", "Company.Data\Company.Data.csproj", "{7D15F503-26DD-42EE-AD4A-4B8A53C22E38}"
EndProject
Project("{9A19103F-16F7-4668-BE54-9A1E7A4F7556}") = "Company.Domain", "Company.Domain\Company.Domain.csproj", "{93DEA8AA-C346-43E9-AF79-69530DAA0C07}"
EndProject
Project("{9A19103F-16F7-4668-BE54-9A1E7A4F7556}") = "Company.Service", "Company.Service\Company.Service.csproj", "{A9F0625E-E7D2-4E1A-B29F-5B7590203E54}"
EndProject
Project("{9A19103F-16F7-4668-BE54-9A1E7A4F7556}") = "Company.API", "Company\Company.API.csproj", "{B900738B-8DA0-4690-B40E-0E3AF52C751F}"
EndProject
Project("{2150E333-8FDC-42A3-9474-1A3956D46DE8}") = "ApiGateways", "ApiGateways", "{DBB36484-F29B-408C-BD0D-C7987EC99467}"
EndProject
Project("{9A19103F-16F7-4668-BE54-9A1E7A4F7556}") = "OcelotApiGw", "OcelotApiGw\OcelotApiGw.csproj", "{77B5FA32-85E8-4D01-BC37-01654187C548}"
EndProject
Project("{2150E333-8FDC-42A3-9474-1A3956D46DE8}") = "employee", "employee", "{B5AFAAD8-508B-46D4-B53F-E92FD970327F}"
EndProject
Project("{FAE04EC0-301F-11D3-BF4B-00C04F79EFBC}") = "Employee.Domain", "Employee.Domain\Employee.Domain.csproj", "{26F5A431-0C4D-40FD-B49C-33E884EEB2BE}"
EndProject
Project("{FAE04EC0-301F-11D3-BF4B-00C04F79EFBC}") = "Employee.Data", "Employee.Data\Employee.Data.csproj", "{0CA296C2-6104-4302-940A-B1D6C74F3520}"
EndProject
Project("{FAE04EC0-301F-11D3-BF4B-00C04F79EFBC}") = "Employee.Services", "Employee.Services\Employee.Services.csproj", "{DDFC3BCD-F8B5-44C1-8BD6-79A08446F85B}"
EndProject
Project("{FAE04EC0-301F-11D3-BF4B-00C04F79EFBC}") = "Employee.API", "Employee.API\Employee.API.csproj", "{40ACB25B-9B2A-461C-8E2F-0ABC3C2DD7E6}"
EndProject
Global
	GlobalSection(SolutionConfigurationPlatforms) = preSolution
		Debug|Any CPU = Debug|Any CPU
		Release|Any CPU = Release|Any CPU
	EndGlobalSection
	GlobalSection(ProjectConfigurationPlatforms) = postSolution
		{D355EADC-A6DB-40C7-A7AF-287409B8003B}.Debug|Any CPU.ActiveCfg = Debug|Any CPU
		{D355EADC-A6DB-40C7-A7AF-287409B8003B}.Debug|Any CPU.Build.0 = Debug|Any CPU
		{D355EADC-A6DB-40C7-A7AF-287409B8003B}.Release|Any CPU.ActiveCfg = Release|Any CPU
		{D355EADC-A6DB-40C7-A7AF-287409B8003B}.Release|Any CPU.Build.0 = Release|Any CPU
		{3D211814-66E9-4731-B2F1-E23D2CC36013}.Debug|Any CPU.ActiveCfg = Debug|Any CPU
		{3D211814-66E9-4731-B2F1-E23D2CC36013}.Debug|Any CPU.Build.0 = Debug|Any CPU
		{3D211814-66E9-4731-B2F1-E23D2CC36013}.Release|Any CPU.ActiveCfg = Release|Any CPU
		{3D211814-66E9-4731-B2F1-E23D2CC36013}.Release|Any CPU.Build.0 = Release|Any CPU
		{06F66DD0-32C7-42B9-9AE5-A3B648D3CA66}.Debug|Any CPU.ActiveCfg = Debug|Any CPU
		{06F66DD0-32C7-42B9-9AE5-A3B648D3CA66}.Debug|Any CPU.Build.0 = Debug|Any CPU
		{06F66DD0-32C7-42B9-9AE5-A3B648D3CA66}.Release|Any CPU.ActiveCfg = Release|Any CPU
		{06F66DD0-32C7-42B9-9AE5-A3B648D3CA66}.Release|Any CPU.Build.0 = Release|Any CPU
		{7D15F503-26DD-42EE-AD4A-4B8A53C22E38}.Debug|Any CPU.ActiveCfg = Debug|Any CPU
		{7D15F503-26DD-42EE-AD4A-4B8A53C22E38}.Debug|Any CPU.Build.0 = Debug|Any CPU
		{7D15F503-26DD-42EE-AD4A-4B8A53C22E38}.Release|Any CPU.ActiveCfg = Release|Any CPU
		{7D15F503-26DD-42EE-AD4A-4B8A53C22E38}.Release|Any CPU.Build.0 = Release|Any CPU
		{93DEA8AA-C346-43E9-AF79-69530DAA0C07}.Debug|Any CPU.ActiveCfg = Debug|Any CPU
		{93DEA8AA-C346-43E9-AF79-69530DAA0C07}.Debug|Any CPU.Build.0 = Debug|Any CPU
		{93DEA8AA-C346-43E9-AF79-69530DAA0C07}.Release|Any CPU.ActiveCfg = Release|Any CPU
		{93DEA8AA-C346-43E9-AF79-69530DAA0C07}.Release|Any CPU.Build.0 = Release|Any CPU
		{A9F0625E-E7D2-4E1A-B29F-5B7590203E54}.Debug|Any CPU.ActiveCfg = Debug|Any CPU
		{A9F0625E-E7D2-4E1A-B29F-5B7590203E54}.Debug|Any CPU.Build.0 = Debug|Any CPU
		{A9F0625E-E7D2-4E1A-B29F-5B7590203E54}.Release|Any CPU.ActiveCfg = Release|Any CPU
		{A9F0625E-E7D2-4E1A-B29F-5B7590203E54}.Release|Any CPU.Build.0 = Release|Any CPU
		{B900738B-8DA0-4690-B40E-0E3AF52C751F}.Debug|Any CPU.ActiveCfg = Debug|Any CPU
		{B900738B-8DA0-4690-B40E-0E3AF52C751F}.Debug|Any CPU.Build.0 = Debug|Any CPU
		{B900738B-8DA0-4690-B40E-0E3AF52C751F}.Release|Any CPU.ActiveCfg = Release|Any CPU
		{B900738B-8DA0-4690-B40E-0E3AF52C751F}.Release|Any CPU.Build.0 = Release|Any CPU
		{77B5FA32-85E8-4D01-BC37-01654187C548}.Debug|Any CPU.ActiveCfg = Debug|Any CPU
		{77B5FA32-85E8-4D01-BC37-01654187C548}.Debug|Any CPU.Build.0 = Debug|Any CPU
		{77B5FA32-85E8-4D01-BC37-01654187C548}.Release|Any CPU.ActiveCfg = Release|Any CPU
		{77B5FA32-85E8-4D01-BC37-01654187C548}.Release|Any CPU.Build.0 = Release|Any CPU
		{26F5A431-0C4D-40FD-B49C-33E884EEB2BE}.Debug|Any CPU.ActiveCfg = Debug|Any CPU
		{26F5A431-0C4D-40FD-B49C-33E884EEB2BE}.Debug|Any CPU.Build.0 = Debug|Any CPU
		{26F5A431-0C4D-40FD-B49C-33E884EEB2BE}.Release|Any CPU.ActiveCfg = Release|Any CPU
		{26F5A431-0C4D-40FD-B49C-33E884EEB2BE}.Release|Any CPU.Build.0 = Release|Any CPU
		{0CA296C2-6104-4302-940A-B1D6C74F3520}.Debug|Any CPU.ActiveCfg = Debug|Any CPU
		{0CA296C2-6104-4302-940A-B1D6C74F3520}.Debug|Any CPU.Build.0 = Debug|Any CPU
		{0CA296C2-6104-4302-940A-B1D6C74F3520}.Release|Any CPU.ActiveCfg = Release|Any CPU
		{0CA296C2-6104-4302-940A-B1D6C74F3520}.Release|Any CPU.Build.0 = Release|Any CPU
		{DDFC3BCD-F8B5-44C1-8BD6-79A08446F85B}.Debug|Any CPU.ActiveCfg = Debug|Any CPU
		{DDFC3BCD-F8B5-44C1-8BD6-79A08446F85B}.Debug|Any CPU.Build.0 = Debug|Any CPU
		{DDFC3BCD-F8B5-44C1-8BD6-79A08446F85B}.Release|Any CPU.ActiveCfg = Release|Any CPU
		{DDFC3BCD-F8B5-44C1-8BD6-79A08446F85B}.Release|Any CPU.Build.0 = Release|Any CPU
		{40ACB25B-9B2A-461C-8E2F-0ABC3C2DD7E6}.Debug|Any CPU.ActiveCfg = Debug|Any CPU
		{40ACB25B-9B2A-461C-8E2F-0ABC3C2DD7E6}.Debug|Any CPU.Build.0 = Debug|Any CPU
		{40ACB25B-9B2A-461C-8E2F-0ABC3C2DD7E6}.Release|Any CPU.ActiveCfg = Release|Any CPU
		{40ACB25B-9B2A-461C-8E2F-0ABC3C2DD7E6}.Release|Any CPU.Build.0 = Release|Any CPU
	EndGlobalSection
	GlobalSection(SolutionProperties) = preSolution
		HideSolutionNode = FALSE
	EndGlobalSection
	GlobalSection(NestedProjects) = preSolution
		{06F66DD0-32C7-42B9-9AE5-A3B648D3CA66} = {58174668-C635-43D4-A641-EC9684DED2F1}
		{7D15F503-26DD-42EE-AD4A-4B8A53C22E38} = {FF571E6A-10B8-4377-9A9F-59F890E63270}
		{93DEA8AA-C346-43E9-AF79-69530DAA0C07} = {FF571E6A-10B8-4377-9A9F-59F890E63270}
		{A9F0625E-E7D2-4E1A-B29F-5B7590203E54} = {FF571E6A-10B8-4377-9A9F-59F890E63270}
		{B900738B-8DA0-4690-B40E-0E3AF52C751F} = {FF571E6A-10B8-4377-9A9F-59F890E63270}
		{77B5FA32-85E8-4D01-BC37-01654187C548} = {DBB36484-F29B-408C-BD0D-C7987EC99467}
		{26F5A431-0C4D-40FD-B49C-33E884EEB2BE} = {B5AFAAD8-508B-46D4-B53F-E92FD970327F}
		{0CA296C2-6104-4302-940A-B1D6C74F3520} = {B5AFAAD8-508B-46D4-B53F-E92FD970327F}
		{DDFC3BCD-F8B5-44C1-8BD6-79A08446F85B} = {B5AFAAD8-508B-46D4-B53F-E92FD970327F}
		{40ACB25B-9B2A-461C-8E2F-0ABC3C2DD7E6} = {B5AFAAD8-508B-46D4-B53F-E92FD970327F}
	EndGlobalSection
	GlobalSection(ExtensibilityGlobals) = postSolution
		SolutionGuid = {4328F202-F2A2-40ED-B5D9-9C93D87664C0}
	EndGlobalSection
EndGlobal
